
Microsoft Visual Studio Solution File, Format Version 12.00
# Visual Studio 15
VisualStudioVersion = 15.0.27703.2018
MinimumVisualStudioVersion = 10.0.40219.1
Project("{FAE04EC0-301F-11D3-BF4B-00C04F79EFBC}") = "TicTacToe", "TicTacToe\TicTacToe.csproj", "{9CF4D876-48C4-417E-AC92-180E1D1B4A00}"
EndProject
Global
	GlobalSection(SolutionConfigurationPlatforms) = preSolution
		Debug|Any CPU = Debug|Any CPU
		Release|Any CPU = Release|Any CPU
	EndGlobalSection
	GlobalSection(ProjectConfigurationPlatforms) = postSolution
		{9CF4D876-48C4-417E-AC92-180E1D1B4A00}.Debug|Any CPU.ActiveCfg = Debug|Any CPU
		{9CF4D876-48C4-417E-AC92-180E1D1B4A00}.Debug|Any CPU.Build.0 = Debug|Any CPU
		{9CF4D876-48C4-417E-AC92-180E1D1B4A00}.Release|Any CPU.ActiveCfg = Release|Any CPU
		{9CF4D876-48C4-417E-AC92-180E1D1B4A00}.Release|Any CPU.Build.0 = Release|Any CPU
	EndGlobalSection
	GlobalSection(SolutionProperties) = preSolution
		HideSolutionNode = FALSE
	EndGlobalSection
	GlobalSection(ExtensibilityGlobals) = postSolution
		SolutionGuid = {D80DFDE7-46E1-435D-A790-4DFC959CB4ED}
	EndGlobalSection
EndGlobal
